
Microsoft Visual Studio Solution File, Format Version 12.00
# Visual Studio Version 17
VisualStudioVersion = 17.5.002.0
MinimumVisualStudioVersion = 10.0.40219.1
Project("{9A19103F-16F7-4668-BE54-9A1E7A4F7556}") = "azure-func-demo", "azure-func-demo.csproj", "{88CFF9DF-286F-4925-A32C-08883E00FBB1}"
EndProject
Global
	GlobalSection(SolutionConfigurationPlatforms) = preSolution
		Debug|Any CPU = Debug|Any CPU
		Release|Any CPU = Release|Any CPU
	EndGlobalSection
	GlobalSection(ProjectConfigurationPlatforms) = postSolution
		{88CFF9DF-286F-4925-A32C-08883E00FBB1}.Debug|Any CPU.ActiveCfg = Debug|Any CPU
		{88CFF9DF-286F-4925-A32C-08883E00FBB1}.Debug|Any CPU.Build.0 = Debug|Any CPU
		{88CFF9DF-286F-4925-A32C-08883E00FBB1}.Release|Any CPU.ActiveCfg = Release|Any CPU
		{88CFF9DF-286F-4925-A32C-08883E00FBB1}.Release|Any CPU.Build.0 = Release|Any CPU
	EndGlobalSection
	GlobalSection(SolutionProperties) = preSolution
		HideSolutionNode = FALSE
	EndGlobalSection
	GlobalSection(ExtensibilityGlobals) = postSolution
		SolutionGuid = {C3EBD928-BC00-4916-905F-2CDC179416D6}
	EndGlobalSection
EndGlobal
